
Microsoft Visual Studio Solution File, Format Version 12.00
# Visual Studio Version 17
VisualStudioVersion = 17.5.33530.505
MinimumVisualStudioVersion = 10.0.40219.1
Project("{FAE04EC0-301F-11D3-BF4B-00C04F79EFBC}") = "lab3", "lab3\lab3.csproj", "{7B358A8F-9FA0-4889-BAB0-D93EFD3E86B8}"
EndProject
Global
	GlobalSection(SolutionConfigurationPlatforms) = preSolution
		Debug|Any CPU = Debug|Any CPU
		Release|Any CPU = Release|Any CPU
	EndGlobalSection
	GlobalSection(ProjectConfigurationPlatforms) = postSolution
		{7B358A8F-9FA0-4889-BAB0-D93EFD3E86B8}.Debug|Any CPU.ActiveCfg = Debug|Any CPU
		{7B358A8F-9FA0-4889-BAB0-D93EFD3E86B8}.Debug|Any CPU.Build.0 = Debug|Any CPU
		{7B358A8F-9FA0-4889-BAB0-D93EFD3E86B8}.Release|Any CPU.ActiveCfg = Release|Any CPU
		{7B358A8F-9FA0-4889-BAB0-D93EFD3E86B8}.Release|Any CPU.Build.0 = Release|Any CPU
	EndGlobalSection
	GlobalSection(SolutionProperties) = preSolution
		HideSolutionNode = FALSE
	EndGlobalSection
	GlobalSection(ExtensibilityGlobals) = postSolution
		SolutionGuid = {CFE8BF9F-B4AC-4E0B-A97B-38EFCC3045AA}
	EndGlobalSection
EndGlobal
